{
  "name": "w3",
  "version": "1.0.0",
  "lockfileVersion": 3,
  "requires": true,
  "packages": {
    "": {
      "name": "w3",
      "version": "1.0.0",
      "license": "ISC",
      "dependencies": {
        "ccxt": "^4.4.62",
        "typescript": "^5.7.3"
      }
    },
    "node_modules/ccxt": {
      "version": "4.4.62",
      "resolved": "https://registry.npmjs.org/ccxt/-/ccxt-4.4.62.tgz",
      "integrity": "sha512-+YOwBXoZgQSBhr+B4cuXwXpZMRVUE+LB0iyjCjhBair5pOlnOsIbtfHVxdwwSxjQTMJWLlHSmptB+nHj/ocOkA==",
      "hasInstallScript": true,
      "license": "MIT",
      "dependencies": {
        "ws": "^8.8.1"
      },
      "bin": {
        "ccxt": "examples/js/cli.js"
      },
      "engines": {
        "node": ">=15.0.0"
      }
    },
    "node_modules/typescript": {
      "version": "5.7.3",
      "resolved": "https://registry.npmjs.org/typescript/-/typescript-5.7.3.tgz",
      "integrity": "sha512-84MVSjMEHP+FQRPy3pX9sTVV/INIex71s9TL2Gm5FG/WG1SqXeKyZ0k7/blY/4FdOzI12CBy1vGc4og/eus0fw==",
      "license": "Apache-2.0",
      "bin": {
        "tsc": "bin/tsc",
        "tsserver": "bin/tsserver"
      },
      "engines": {
        "node": ">=14.17"
      }
    },
    "node_modules/ws": {
      "version": "8.18.1",
      "resolved": "https://registry.npmjs.org/ws/-/ws-8.18.1.tgz",
      "integrity": "sha512-RKW2aJZMXeMxVpnZ6bck+RswznaxmzdULiBr6KY7XkTnW8uvt0iT9H5DkHUChXrc+uurzwa0rVI16n/Xzjdz1w==",
      "license": "MIT",
      "engines": {
        "node": ">=10.0.0"
      },
      "peerDependencies": {
        "bufferutil": "^4.0.1",
        "utf-8-validate": ">=5.0.2"
      },
      "peerDependenciesMeta": {
        "bufferutil": {
          "optional": true
        },
        "utf-8-validate": {
          "optional": true
        }
      }
    }
  }
}
